// !$*UTF8*$!
{
	archiveVersion = 1;
	classes = {
	};
	objectVersion = 50;
	objects = {

/* Begin PBXBuildFile section */
		7A713690245588CD00E7DC5B /* AppDelegate.swift in Sources */ = {isa = PBXBuildFile; fileRef = 7A71368F245588CD00E7DC5B /* AppDelegate.swift */; };
		7A713692245588CD00E7DC5B /* SceneDelegate.swift in Sources */ = {isa = PBXBuildFile; fileRef = 7A713691245588CD00E7DC5B /* SceneDelegate.swift */; };
		7A713694245588CD00E7DC5B /* ViewController.swift in Sources */ = {isa = PBXBuildFile; fileRef = 7A713693245588CD00E7DC5B /* ViewController.swift */; };
		7A713697245588CD00E7DC5B /* Main.storyboard in Resources */ = {isa = PBXBuildFile; fileRef = 7A713695245588CD00E7DC5B /* Main.storyboard */; };
		7A713699245588CE00E7DC5B /* Assets.xcassets in Resources */ = {isa = PBXBuildFile; fileRef = 7A713698245588CE00E7DC5B /* Assets.xcassets */; };
		7A71369C245588CE00E7DC5B /* LaunchScreen.storyboard in Resources */ = {isa = PBXBuildFile; fileRef = 7A71369A245588CE00E7DC5B /* LaunchScreen.storyboard */; };
		7A7136A42455F2F700E7DC5B /* ColorPickerView.swift in Sources */ = {isa = PBXBuildFile; fileRef = 7A7136A32455F2F700E7DC5B /* ColorPickerView.swift */; };
		7A7136A62455F6E500E7DC5B /* UIColor+Extensions.swift in Sources */ = {isa = PBXBuildFile; fileRef = 7A7136A52455F6E500E7DC5B /* UIColor+Extensions.swift */; };
		7A7136A924570F1500E7DC5B /* HueControl.swift in Sources */ = {isa = PBXBuildFile; fileRef = 7A7136A824570F1500E7DC5B /* HueControl.swift */; };
		7A7136AC2457130200E7DC5B /* BrightnessControl.swift in Sources */ = {isa = PBXBuildFile; fileRef = 7A7136AB2457130200E7DC5B /* BrightnessControl.swift */; };
		7A7136AE2457134F00E7DC5B /* SaturationControl.swift in Sources */ = {isa = PBXBuildFile; fileRef = 7A7136AD2457134F00E7DC5B /* SaturationControl.swift */; };
		7A7136B2245729B600E7DC5B /* ControlThumb.swift in Sources */ = {isa = PBXBuildFile; fileRef = 7A7136B1245729B600E7DC5B /* ControlThumb.swift */; };
		7A7136B42457320000E7DC5B /* ColorWheel.swift in Sources */ = {isa = PBXBuildFile; fileRef = 7A7136B32457320000E7DC5B /* ColorWheel.swift */; };
		7A7136B62457370700E7DC5B /* GradientTrack.swift in Sources */ = {isa = PBXBuildFile; fileRef = 7A7136B52457370700E7DC5B /* GradientTrack.swift */; };
/* End PBXBuildFile section */

/* Begin PBXFileReference section */
		7A71368C245588CD00E7DC5B /* Color Picker.app */ = {isa = PBXFileReference; explicitFileType = wrapper.application; includeInIndex = 0; path = "Color Picker.app"; sourceTree = BUILT_PRODUCTS_DIR; };
		7A71368F245588CD00E7DC5B /* AppDelegate.swift */ = {isa = PBXFileReference; lastKnownFileType = sourcecode.swift; path = AppDelegate.swift; sourceTree = "<group>"; };
		7A713691245588CD00E7DC5B /* SceneDelegate.swift */ = {isa = PBXFileReference; lastKnownFileType = sourcecode.swift; path = SceneDelegate.swift; sourceTree = "<group>"; };
		7A713693245588CD00E7DC5B /* ViewController.swift */ = {isa = PBXFileReference; lastKnownFileType = sourcecode.swift; path = ViewController.swift; sourceTree = "<group>"; };
		7A713696245588CD00E7DC5B /* Base */ = {isa = PBXFileReference; lastKnownFileType = file.storyboard; name = Base; path = Base.lproj/Main.storyboard; sourceTree = "<group>"; };
		7A713698245588CE00E7DC5B /* Assets.xcassets */ = {isa = PBXFileReference; lastKnownFileType = folder.assetcatalog; path = Assets.xcassets; sourceTree = "<group>"; };
		7A71369B245588CE00E7DC5B /* Base */ = {isa = PBXFileReference; lastKnownFileType = file.storyboard; name = Base; path = Base.lproj/LaunchScreen.storyboard; sourceTree = "<group>"; };
		7A71369D245588CE00E7DC5B /* Info.plist */ = {isa = PBXFileReference; lastKnownFileType = text.plist.xml; path = Info.plist; sourceTree = "<group>"; };
		7A7136A32455F2F700E7DC5B /* ColorPickerView.swift */ = {isa = PBXFileReference; lastKnownFileType = sourcecode.swift; path = ColorPickerView.swift; sourceTree = "<group>"; };
		7A7136A52455F6E500E7DC5B /* UIColor+Extensions.swift */ = {isa = PBXFileReference; lastKnownFileType = sourcecode.swift; path = "UIColor+Extensions.swift"; sourceTree = "<group>"; };
		7A7136A824570F1500E7DC5B /* HueControl.swift */ = {isa = PBXFileReference; lastKnownFileType = sourcecode.swift; path = HueControl.swift; sourceTree = "<group>"; };
		7A7136AB2457130200E7DC5B /* BrightnessControl.swift */ = {isa = PBXFileReference; lastKnownFileType = sourcecode.swift; path = BrightnessControl.swift; sourceTree = "<group>"; };
		7A7136AD2457134F00E7DC5B /* SaturationControl.swift */ = {isa = PBXFileReference; lastKnownFileType = sourcecode.swift; path = SaturationControl.swift; sourceTree = "<group>"; };
		7A7136B1245729B600E7DC5B /* ControlThumb.swift */ = {isa = PBXFileReference; lastKnownFileType = sourcecode.swift; path = ControlThumb.swift; sourceTree = "<group>"; };
		7A7136B32457320000E7DC5B /* ColorWheel.swift */ = {isa = PBXFileReference; lastKnownFileType = sourcecode.swift; path = ColorWheel.swift; sourceTree = "<group>"; };
		7A7136B52457370700E7DC5B /* GradientTrack.swift */ = {isa = PBXFileReference; lastKnownFileType = sourcecode.swift; path = GradientTrack.swift; sourceTree = "<group>"; };
/* End PBXFileReference section */

/* Begin PBXFrameworksBuildPhase section */
		7A713689245588CD00E7DC5B /* Frameworks */ = {
			isa = PBXFrameworksBuildPhase;
			buildActionMask = 2147483647;
			files = (
			);
			runOnlyForDeploymentPostprocessing = 0;
		};
/* End PBXFrameworksBuildPhase section */

/* Begin PBXGroup section */
		7A713683245588CC00E7DC5B = {
			isa = PBXGroup;
			children = (
				7A71368E245588CD00E7DC5B /* ColorPicker */,
				7A71368D245588CD00E7DC5B /* Products */,
			);
			sourceTree = "<group>";
		};
		7A71368D245588CD00E7DC5B /* Products */ = {
			isa = PBXGroup;
			children = (
				7A71368C245588CD00E7DC5B /* Color Picker.app */,
			);
			name = Products;
			sourceTree = "<group>";
		};
		7A71368E245588CD00E7DC5B /* ColorPicker */ = {
			isa = PBXGroup;
			children = (
				7A713695245588CD00E7DC5B /* Main.storyboard */,
				7A71368F245588CD00E7DC5B /* AppDelegate.swift */,
				7A713691245588CD00E7DC5B /* SceneDelegate.swift */,
				7A713693245588CD00E7DC5B /* ViewController.swift */,
				7A7136A32455F2F700E7DC5B /* ColorPickerView.swift */,
				7A7136AA24570F2300E7DC5B /* Controls */,
				7A713698245588CE00E7DC5B /* Assets.xcassets */,
				7A71369A245588CE00E7DC5B /* LaunchScreen.storyboard */,
				7A71369D245588CE00E7DC5B /* Info.plist */,
				7A7136A72455F6ED00E7DC5B /* Extensions */,
			);
			path = ColorPicker;
			sourceTree = "<group>";
		};
		7A7136A72455F6ED00E7DC5B /* Extensions */ = {
			isa = PBXGroup;
			children = (
				7A7136A52455F6E500E7DC5B /* UIColor+Extensions.swift */,
			);
			path = Extensions;
			sourceTree = "<group>";
		};
		7A7136AA24570F2300E7DC5B /* Controls */ = {
			isa = PBXGroup;
			children = (
				7A7136A824570F1500E7DC5B /* HueControl.swift */,
				7A7136AB2457130200E7DC5B /* BrightnessControl.swift */,
				7A7136AD2457134F00E7DC5B /* SaturationControl.swift */,
				7A7136B32457320000E7DC5B /* ColorWheel.swift */,
				7A7136B52457370700E7DC5B /* GradientTrack.swift */,
				7A7136B1245729B600E7DC5B /* ControlThumb.swift */,
			);
			path = Controls;
			sourceTree = "<group>";
		};
/* End PBXGroup section */

/* Begin PBXNativeTarget section */
		7A71368B245588CD00E7DC5B /* ColorPicker */ = {
			isa = PBXNativeTarget;
			buildConfigurationList = 7A7136A0245588CE00E7DC5B /* Build configuration list for PBXNativeTarget "ColorPicker" */;
			buildPhases = (
				7A713688245588CD00E7DC5B /* Sources */,
				7A713689245588CD00E7DC5B /* Frameworks */,
				7A71368A245588CD00E7DC5B /* Resources */,
			);
			buildRules = (
			);
			dependencies = (
			);
			name = ColorPicker;
			productName = ColorPicker;
			productReference = 7A71368C245588CD00E7DC5B /* Color Picker.app */;
			productType = "com.apple.product-type.application";
		};
/* End PBXNativeTarget section */

/* Begin PBXProject section */
		7A713684245588CD00E7DC5B /* Project object */ = {
			isa = PBXProject;
			attributes = {
				LastSwiftUpdateCheck = 1140;
				LastUpgradeCheck = 1140;
				ORGANIZATIONNAME = "Emilian Brenici";
				TargetAttributes = {
					7A71368B245588CD00E7DC5B = {
						CreatedOnToolsVersion = 11.4.1;
					};
				};
			};
			buildConfigurationList = 7A713687245588CD00E7DC5B /* Build configuration list for PBXProject "ColorPicker" */;
			compatibilityVersion = "Xcode 9.3";
			developmentRegion = en;
			hasScannedForEncodings = 0;
			knownRegions = (
				en,
				Base,
			);
			mainGroup = 7A713683245588CC00E7DC5B;
			productRefGroup = 7A71368D245588CD00E7DC5B /* Products */;
			projectDirPath = "";
			projectRoot = "";
			targets = (
				7A71368B245588CD00E7DC5B /* ColorPicker */,
			);
		};
/* End PBXProject section */

/* Begin PBXResourcesBuildPhase section */
		7A71368A245588CD00E7DC5B /* Resources */ = {
			isa = PBXResourcesBuildPhase;
			buildActionMask = 2147483647;
			files = (
				7A71369C245588CE00E7DC5B /* LaunchScreen.storyboard in Resources */,
				7A713699245588CE00E7DC5B /* Assets.xcassets in Resources */,
				7A713697245588CD00E7DC5B /* Main.storyboard in Resources */,
			);
			runOnlyForDeploymentPostprocessing = 0;
		};
/* End PBXResourcesBuildPhase section */

/* Begin PBXSourcesBuildPhase section */
		7A713688245588CD00E7DC5B /* Sources */ = {
			isa = PBXSourcesBuildPhase;
			buildActionMask = 2147483647;
			files = (
				7A7136A924570F1500E7DC5B /* HueControl.swift in Sources */,
				7A7136B62457370700E7DC5B /* GradientTrack.swift in Sources */,
				7A7136B2245729B600E7DC5B /* ControlThumb.swift in Sources */,
				7A7136A42455F2F700E7DC5B /* ColorPickerView.swift in Sources */,
				7A7136A62455F6E500E7DC5B /* UIColor+Extensions.swift in Sources */,
				7A7136AC2457130200E7DC5B /* BrightnessControl.swift in Sources */,
				7A713694245588CD00E7DC5B /* ViewController.swift in Sources */,
				7A7136B42457320000E7DC5B /* ColorWheel.swift in Sources */,
				7A7136AE2457134F00E7DC5B /* SaturationControl.swift in Sources */,
				7A713690245588CD00E7DC5B /* AppDelegate.swift in Sources */,
				7A713692245588CD00E7DC5B /* SceneDelegate.swift in Sources */,
			);
			runOnlyForDeploymentPostprocessing = 0;
		};
/* End PBXSourcesBuildPhase section */

/* Begin PBXVariantGroup section */
		7A713695245588CD00E7DC5B /* Main.storyboard */ = {
			isa = PBXVariantGroup;
			children = (
				7A713696245588CD00E7DC5B /* Base */,
			);
			name = Main.storyboard;
			sourceTree = "<group>";
		};
		7A71369A245588CE00E7DC5B /* LaunchScreen.storyboard */ = {
			isa = PBXVariantGroup;
			children = (
				7A71369B245588CE00E7DC5B /* Base */,
			);
			name = LaunchScreen.storyboard;
			sourceTree = "<group>";
		};
/* End PBXVariantGroup section */

/* Begin XCBuildConfiguration section */
		7A71369E245588CE00E7DC5B /* Debug */ = {
			isa = XCBuildConfiguration;
			buildSettings = {
				ALWAYS_SEARCH_USER_PATHS = NO;
				CLANG_ANALYZER_NONNULL = YES;
				CLANG_ANALYZER_NUMBER_OBJECT_CONVERSION = YES_AGGRESSIVE;
				CLANG_CXX_LANGUAGE_STANDARD = "gnu++14";
				CLANG_CXX_LIBRARY = "libc++";
				CLANG_ENABLE_MODULES = YES;
				CLANG_ENABLE_OBJC_ARC = YES;
				CLANG_ENABLE_OBJC_WEAK = YES;
				CLANG_WARN_BLOCK_CAPTURE_AUTORELEASING = YES;
				CLANG_WARN_BOOL_CONVERSION = YES;
				CLANG_WARN_COMMA = YES;
				CLANG_WARN_CONSTANT_CONVERSION = YES;
				CLANG_WARN_DEPRECATED_OBJC_IMPLEMENTATIONS = YES;
				CLANG_WARN_DIRECT_OBJC_ISA_USAGE = YES_ERROR;
				CLANG_WARN_DOCUMENTATION_COMMENTS = YES;
				CLANG_WARN_EMPTY_BODY = YES;
				CLANG_WARN_ENUM_CONVERSION = YES;
				CLANG_WARN_INFINITE_RECURSION = YES;
				CLANG_WARN_INT_CONVERSION = YES;
				CLANG_WARN_NON_LITERAL_NULL_CONVERSION = YES;
				CLANG_WARN_OBJC_IMPLICIT_RETAIN_SELF = YES;
				CLANG_WARN_OBJC_LITERAL_CONVERSION = YES;
				CLANG_WARN_OBJC_ROOT_CLASS = YES_ERROR;
				CLANG_WARN_RANGE_LOOP_ANALYSIS = YES;
				CLANG_WARN_STRICT_PROTOTYPES = YES;
				CLANG_WARN_SUSPICIOUS_MOVE = YES;
				CLANG_WARN_UNGUARDED_AVAILABILITY = YES_AGGRESSIVE;
				CLANG_WARN_UNREACHABLE_CODE = YES;
				CLANG_WARN__DUPLICATE_METHOD_MATCH = YES;
				COPY_PHASE_STRIP = NO;
				DEBUG_INFORMATION_FORMAT = dwarf;
				ENABLE_STRICT_OBJC_MSGSEND = YES;
				ENABLE_TESTABILITY = YES;
				GCC_C_LANGUAGE_STANDARD = gnu11;
				GCC_DYNAMIC_NO_PIC = NO;
				GCC_NO_COMMON_BLOCKS = YES;
				GCC_OPTIMIZATION_LEVEL = 0;
				GCC_PREPROCESSOR_DEFINITIONS = (
					"DEBUG=1",
					"$(inherited)",
				);
				GCC_WARN_64_TO_32_BIT_CONVERSION = YES;
				GCC_WARN_ABOUT_RETURN_TYPE = YES_ERROR;
				GCC_WARN_UNDECLARED_SELECTOR = YES;
				GCC_WARN_UNINITIALIZED_AUTOS = YES_AGGRESSIVE;
				GCC_WARN_UNUSED_FUNCTION = YES;
				GCC_WARN_UNUSED_VARIABLE = YES;
				IPHONEOS_DEPLOYMENT_TARGET = 13.3;
				MTL_ENABLE_DEBUG_INFO = INCLUDE_SOURCE;
				MTL_FAST_MATH = YES;
				ONLY_ACTIVE_ARCH = YES;
				SDKROOT = iphoneos;
				SWIFT_ACTIVE_COMPILATION_CONDITIONS = DEBUG;
				SWIFT_OPTIMIZATION_LEVEL = "-Onone";
			};
			name = Debug;
		};
		7A71369F245588CE00E7DC5B /* Release */ = {
			isa = XCBuildConfiguration;
			buildSettings = {
				ALWAYS_SEARCH_USER_PATHS = NO;
				CLANG_ANALYZER_NONNULL = YES;
				CLANG_ANALYZER_NUMBER_OBJECT_CONVERSION = YES_AGGRESSIVE;
				CLANG_CXX_LANGUAGE_STANDARD = "gnu++14";
				CLANG_CXX_LIBRARY = "libc++";
				CLANG_ENABLE_MODULES = YES;
				CLANG_ENABLE_OBJC_ARC = YES;
				CLANG_ENABLE_OBJC_WEAK = YES;
				CLANG_WARN_BLOCK_CAPTURE_AUTORELEASING = YES;
				CLANG_WARN_BOOL_CONVERSION = YES;
				CLANG_WARN_COMMA = YES;
				CLANG_WARN_CONSTANT_CONVERSION = YES;
				CLANG_WARN_DEPRECATED_OBJC_IMPLEMENTATIONS = YES;
				CLANG_WARN_DIRECT_OBJC_ISA_USAGE = YES_ERROR;
				CLANG_WARN_DOCUMENTATION_COMMENTS = YES;
				CLANG_WARN_EMPTY_BODY = YES;
				CLANG_WARN_ENUM_CONVERSION = YES;
				CLANG_WARN_INFINITE_RECURSION = YES;
				CLANG_WARN_INT_CONVERSION = YES;
				CLANG_WARN_NON_LITERAL_NULL_CONVERSION = YES;
				CLANG_WARN_OBJC_IMPLICIT_RETAIN_SELF = YES;
				CLANG_WARN_OBJC_LITERAL_CONVERSION = YES;
				CLANG_WARN_OBJC_ROOT_CLASS = YES_ERROR;
				CLANG_WARN_RANGE_LOOP_ANALYSIS = YES;
				CLANG_WARN_STRICT_PROTOTYPES = YES;
				CLANG_WARN_SUSPICIOUS_MOVE = YES;
				CLANG_WARN_UNGUARDED_AVAILABILITY = YES_AGGRESSIVE;
				CLANG_WARN_UNREACHABLE_CODE = YES;
				CLANG_WARN__DUPLICATE_METHOD_MATCH = YES;
				COPY_PHASE_STRIP = NO;
				DEBUG_INFORMATION_FORMAT = "dwarf-with-dsym";
				ENABLE_NS_ASSERTIONS = NO;
				ENABLE_STRICT_OBJC_MSGSEND = YES;
				GCC_C_LANGUAGE_STANDARD = gnu11;
				GCC_NO_COMMON_BLOCKS = YES;
				GCC_WARN_64_TO_32_BIT_CONVERSION = YES;
				GCC_WARN_ABOUT_RETURN_TYPE = YES_ERROR;
				GCC_WARN_UNDECLARED_SELECTOR = YES;
				GCC_WARN_UNINITIALIZED_AUTOS = YES_AGGRESSIVE;
				GCC_WARN_UNUSED_FUNCTION = YES;
				GCC_WARN_UNUSED_VARIABLE = YES;
				IPHONEOS_DEPLOYMENT_TARGET = 13.3;
				MTL_ENABLE_DEBUG_INFO = NO;
				MTL_FAST_MATH = YES;
				SDKROOT = iphoneos;
				SWIFT_COMPILATION_MODE = wholemodule;
				SWIFT_OPTIMIZATION_LEVEL = "-O";
				VALIDATE_PRODUCT = YES;
			};
			name = Release;
		};
		7A7136A1245588CE00E7DC5B /* Debug */ = {
			isa = XCBuildConfiguration;
			buildSettings = {
				ASSETCATALOG_COMPILER_APPICON_NAME = AppIcon;
				CODE_SIGN_STYLE = Automatic;
				DEVELOPMENT_TEAM = 6V5CXQGM5E;
				INFOPLIST_FILE = ColorPicker/Info.plist;
				LD_RUNPATH_SEARCH_PATHS = (
					"$(inherited)",
					"@executable_path/Frameworks",
				);
				PRODUCT_BUNDLE_IDENTIFIER = com.emilianbrenici.ColorPicker;
				PRODUCT_NAME = "Color Picker";
				SWIFT_VERSION = 5.0;
				TARGETED_DEVICE_FAMILY = "1,2";
			};
			name = Debug;
		};
		7A7136A2245588CE00E7DC5B /* Release */ = {
			isa = XCBuildConfiguration;
			buildSettings = {
				ASSETCATALOG_COMPILER_APPICON_NAME = AppIcon;
				CODE_SIGN_STYLE = Automatic;
				DEVELOPMENT_TEAM = 6V5CXQGM5E;
				INFOPLIST_FILE = ColorPicker/Info.plist;
				LD_RUNPATH_SEARCH_PATHS = (
					"$(inherited)",
					"@executable_path/Frameworks",
				);
				PRODUCT_BUNDLE_IDENTIFIER = com.emilianbrenici.ColorPicker;
				PRODUCT_NAME = "Color Picker";
				SWIFT_VERSION = 5.0;
				TARGETED_DEVICE_FAMILY = "1,2";
			};
			name = Release;
		};
/* End XCBuildConfiguration section */

/* Begin XCConfigurationList section */
		7A713687245588CD00E7DC5B /* Build configuration list for PBXProject "ColorPicker" */ = {
			isa = XCConfigurationList;
			buildConfigurations = (
				7A71369E245588CE00E7DC5B /* Debug */,
				7A71369F245588CE00E7DC5B /* Release */,
			);
			defaultConfigurationIsVisible = 0;
			defaultConfigurationName = Release;
		};
		7A7136A0245588CE00E7DC5B /* Build configuration list for PBXNativeTarget "ColorPicker" */ = {
			isa = XCConfigurationList;
			buildConfigurations = (
				7A7136A1245588CE00E7DC5B /* Debug */,
				7A7136A2245588CE00E7DC5B /* Release */,
			);
			defaultConfigurationIsVisible = 0;
			defaultConfigurationName = Release;
		};
/* End XCConfigurationList section */
	};
	rootObject = 7A713684245588CD00E7DC5B /* Project object */;
}
